
Microsoft Visual Studio Solution File, Format Version 12.00
# Visual Studio 15
VisualStudioVersion = 15.0.28307.705
MinimumVisualStudioVersion = 10.0.40219.1
Project("{FAE04EC0-301F-11D3-BF4B-00C04F79EFBC}") = "GucciBazaar", "GucciBazaar\GucciBazaar.csproj", "{D4233ED9-B5CF-460F-A295-E213BA100FBE}"
EndProject
Project("{FAE04EC0-301F-11D3-BF4B-00C04F79EFBC}") = "GucciBazaar.Tests", "GucciBazaar.Tests\GucciBazaar.Tests.csproj", "{111C599A-4E7C-4B94-AE11-7847A72245E7}"
EndProject
Global
	GlobalSection(SolutionConfigurationPlatforms) = preSolution
		Debug|Any CPU = Debug|Any CPU
		Release|Any CPU = Release|Any CPU
	EndGlobalSection
	GlobalSection(ProjectConfigurationPlatforms) = postSolution
		{D4233ED9-B5CF-460F-A295-E213BA100FBE}.Debug|Any CPU.ActiveCfg = Debug|Any CPU
		{D4233ED9-B5CF-460F-A295-E213BA100FBE}.Debug|Any CPU.Build.0 = Debug|Any CPU
		{D4233ED9-B5CF-460F-A295-E213BA100FBE}.Release|Any CPU.ActiveCfg = Release|Any CPU
		{D4233ED9-B5CF-460F-A295-E213BA100FBE}.Release|Any CPU.Build.0 = Release|Any CPU
		{111C599A-4E7C-4B94-AE11-7847A72245E7}.Debug|Any CPU.ActiveCfg = Debug|Any CPU
		{111C599A-4E7C-4B94-AE11-7847A72245E7}.Debug|Any CPU.Build.0 = Debug|Any CPU
		{111C599A-4E7C-4B94-AE11-7847A72245E7}.Release|Any CPU.ActiveCfg = Release|Any CPU
		{111C599A-4E7C-4B94-AE11-7847A72245E7}.Release|Any CPU.Build.0 = Release|Any CPU
	EndGlobalSection
	GlobalSection(SolutionProperties) = preSolution
		HideSolutionNode = FALSE
	EndGlobalSection
	GlobalSection(ExtensibilityGlobals) = postSolution
		SolutionGuid = {ED20962A-46C0-43E5-8983-9DE296F92735}
	EndGlobalSection
EndGlobal
